// !$*UTF8*$!
{
	archiveVersion = 1;
	classes = {
	};
	objectVersion = 56;
	objects = {

/* Begin PBXBuildFile section */
		9745754029A129A60044CB36 /* HertzNotes.swift in Sources */ = {isa = PBXBuildFile; fileRef = 9745753F29A129A60044CB36 /* HertzNotes.swift */; };
		9745754229A130380044CB36 /* PlayingCards.swift in Sources */ = {isa = PBXBuildFile; fileRef = 9745754129A130380044CB36 /* PlayingCards.swift */; };
		9745754429A133F90044CB36 /* StatusCodes.swift in Sources */ = {isa = PBXBuildFile; fileRef = 9745754329A133F90044CB36 /* StatusCodes.swift */; };
		9745754629A174A00044CB36 /* Directions.swift in Sources */ = {isa = PBXBuildFile; fileRef = 9745754529A174A00044CB36 /* Directions.swift */; };
		9799A45029A2434600F05281 /* Deck.swift in Sources */ = {isa = PBXBuildFile; fileRef = 9799A44F29A2434600F05281 /* Deck.swift */; };
		9799A45229A24C8A00F05281 /* TicTacToe.swift in Sources */ = {isa = PBXBuildFile; fileRef = 9799A45129A24C8A00F05281 /* TicTacToe.swift */; };
		97A88F3929A016E200A7C407 /* ShapeArea.swift in Sources */ = {isa = PBXBuildFile; fileRef = 97A88F3829A016E200A7C407 /* ShapeArea.swift */; };
		97A88F3B29A0205A00A7C407 /* Temperature.swift in Sources */ = {isa = PBXBuildFile; fileRef = 97A88F3A29A0205A00A7C407 /* Temperature.swift */; };
		97A88F3D29A027A200A7C407 /* PlanetFromSun.swift in Sources */ = {isa = PBXBuildFile; fileRef = 97A88F3C29A027A200A7C407 /* PlanetFromSun.swift */; };
		97F70260299EC566006F1B73 /* SwiftEnumApp.swift in Sources */ = {isa = PBXBuildFile; fileRef = 97F7025F299EC566006F1B73 /* SwiftEnumApp.swift */; };
		97F70262299EC566006F1B73 /* ContentView.swift in Sources */ = {isa = PBXBuildFile; fileRef = 97F70261299EC566006F1B73 /* ContentView.swift */; };
		97F70264299EC567006F1B73 /* Assets.xcassets in Resources */ = {isa = PBXBuildFile; fileRef = 97F70263299EC567006F1B73 /* Assets.xcassets */; };
		97F70267299EC567006F1B73 /* Preview Assets.xcassets in Resources */ = {isa = PBXBuildFile; fileRef = 97F70266299EC567006F1B73 /* Preview Assets.xcassets */; };
		97F70272299EC567006F1B73 /* SwiftEnumTests.swift in Sources */ = {isa = PBXBuildFile; fileRef = 97F70271299EC567006F1B73 /* SwiftEnumTests.swift */; };
		97F7027C299EC567006F1B73 /* SwiftEnumUITests.swift in Sources */ = {isa = PBXBuildFile; fileRef = 97F7027B299EC567006F1B73 /* SwiftEnumUITests.swift */; };
		97F7027E299EC567006F1B73 /* SwiftEnumUITestsLaunchTests.swift in Sources */ = {isa = PBXBuildFile; fileRef = 97F7027D299EC567006F1B73 /* SwiftEnumUITestsLaunchTests.swift */; };
		97F7028B299ECA51006F1B73 /* DaysOfTheWeek.swift in Sources */ = {isa = PBXBuildFile; fileRef = 97F7028A299ECA51006F1B73 /* DaysOfTheWeek.swift */; };
/* End PBXBuildFile section */

/* Begin PBXContainerItemProxy section */
		97F7026E299EC567006F1B73 /* PBXContainerItemProxy */ = {
			isa = PBXContainerItemProxy;
			containerPortal = 97F70254299EC566006F1B73 /* Project object */;
			proxyType = 1;
			remoteGlobalIDString = 97F7025B299EC566006F1B73;
			remoteInfo = SwiftEnum;
		};
		97F70278299EC567006F1B73 /* PBXContainerItemProxy */ = {
			isa = PBXContainerItemProxy;
			containerPortal = 97F70254299EC566006F1B73 /* Project object */;
			proxyType = 1;
			remoteGlobalIDString = 97F7025B299EC566006F1B73;
			remoteInfo = SwiftEnum;
		};
/* End PBXContainerItemProxy section */

/* Begin PBXFileReference section */
		9745753F29A129A60044CB36 /* HertzNotes.swift */ = {isa = PBXFileReference; lastKnownFileType = sourcecode.swift; path = HertzNotes.swift; sourceTree = "<group>"; };
		9745754129A130380044CB36 /* PlayingCards.swift */ = {isa = PBXFileReference; lastKnownFileType = sourcecode.swift; path = PlayingCards.swift; sourceTree = "<group>"; };
		9745754329A133F90044CB36 /* StatusCodes.swift */ = {isa = PBXFileReference; lastKnownFileType = sourcecode.swift; path = StatusCodes.swift; sourceTree = "<group>"; };
		9745754529A174A00044CB36 /* Directions.swift */ = {isa = PBXFileReference; lastKnownFileType = sourcecode.swift; path = Directions.swift; sourceTree = "<group>"; };
		9799A44F29A2434600F05281 /* Deck.swift */ = {isa = PBXFileReference; lastKnownFileType = sourcecode.swift; path = Deck.swift; sourceTree = "<group>"; };
		9799A45129A24C8A00F05281 /* TicTacToe.swift */ = {isa = PBXFileReference; lastKnownFileType = sourcecode.swift; path = TicTacToe.swift; sourceTree = "<group>"; };
		97A88F3829A016E200A7C407 /* ShapeArea.swift */ = {isa = PBXFileReference; lastKnownFileType = sourcecode.swift; path = ShapeArea.swift; sourceTree = "<group>"; };
		97A88F3A29A0205A00A7C407 /* Temperature.swift */ = {isa = PBXFileReference; lastKnownFileType = sourcecode.swift; path = Temperature.swift; sourceTree = "<group>"; };
		97A88F3C29A027A200A7C407 /* PlanetFromSun.swift */ = {isa = PBXFileReference; lastKnownFileType = sourcecode.swift; path = PlanetFromSun.swift; sourceTree = "<group>"; };
		97F7025C299EC566006F1B73 /* SwiftEnum.app */ = {isa = PBXFileReference; explicitFileType = wrapper.application; includeInIndex = 0; path = SwiftEnum.app; sourceTree = BUILT_PRODUCTS_DIR; };
		97F7025F299EC566006F1B73 /* SwiftEnumApp.swift */ = {isa = PBXFileReference; lastKnownFileType = sourcecode.swift; path = SwiftEnumApp.swift; sourceTree = "<group>"; };
		97F70261299EC566006F1B73 /* ContentView.swift */ = {isa = PBXFileReference; lastKnownFileType = sourcecode.swift; path = ContentView.swift; sourceTree = "<group>"; };
		97F70263299EC567006F1B73 /* Assets.xcassets */ = {isa = PBXFileReference; lastKnownFileType = folder.assetcatalog; path = Assets.xcassets; sourceTree = "<group>"; };
		97F70266299EC567006F1B73 /* Preview Assets.xcassets */ = {isa = PBXFileReference; lastKnownFileType = folder.assetcatalog; path = "Preview Assets.xcassets"; sourceTree = "<group>"; };
		97F70268299EC567006F1B73 /* SwiftEnum.entitlements */ = {isa = PBXFileReference; lastKnownFileType = text.plist.entitlements; path = SwiftEnum.entitlements; sourceTree = "<group>"; };
		97F7026D299EC567006F1B73 /* SwiftEnumTests.xctest */ = {isa = PBXFileReference; explicitFileType = wrapper.cfbundle; includeInIndex = 0; path = SwiftEnumTests.xctest; sourceTree = BUILT_PRODUCTS_DIR; };
		97F70271299EC567006F1B73 /* SwiftEnumTests.swift */ = {isa = PBXFileReference; lastKnownFileType = sourcecode.swift; path = SwiftEnumTests.swift; sourceTree = "<group>"; };
		97F70277299EC567006F1B73 /* SwiftEnumUITests.xctest */ = {isa = PBXFileReference; explicitFileType = wrapper.cfbundle; includeInIndex = 0; path = SwiftEnumUITests.xctest; sourceTree = BUILT_PRODUCTS_DIR; };
		97F7027B299EC567006F1B73 /* SwiftEnumUITests.swift */ = {isa = PBXFileReference; lastKnownFileType = sourcecode.swift; path = SwiftEnumUITests.swift; sourceTree = "<group>"; };
		97F7027D299EC567006F1B73 /* SwiftEnumUITestsLaunchTests.swift */ = {isa = PBXFileReference; lastKnownFileType = sourcecode.swift; path = SwiftEnumUITestsLaunchTests.swift; sourceTree = "<group>"; };
		97F7028A299ECA51006F1B73 /* DaysOfTheWeek.swift */ = {isa = PBXFileReference; lastKnownFileType = sourcecode.swift; path = DaysOfTheWeek.swift; sourceTree = "<group>"; };
/* End PBXFileReference section */

/* Begin PBXFrameworksBuildPhase section */
		97F70259299EC566006F1B73 /* Frameworks */ = {
			isa = PBXFrameworksBuildPhase;
			buildActionMask = 2147483647;
			files = (
			);
			runOnlyForDeploymentPostprocessing = 0;
		};
		97F7026A299EC567006F1B73 /* Frameworks */ = {
			isa = PBXFrameworksBuildPhase;
			buildActionMask = 2147483647;
			files = (
			);
			runOnlyForDeploymentPostprocessing = 0;
		};
		97F70274299EC567006F1B73 /* Frameworks */ = {
			isa = PBXFrameworksBuildPhase;
			buildActionMask = 2147483647;
			files = (
			);
			runOnlyForDeploymentPostprocessing = 0;
		};
/* End PBXFrameworksBuildPhase section */

/* Begin PBXGroup section */
		97F70253299EC566006F1B73 = {
			isa = PBXGroup;
			children = (
				97F7025E299EC566006F1B73 /* SwiftEnum */,
				97F70270299EC567006F1B73 /* SwiftEnumTests */,
				97F7027A299EC567006F1B73 /* SwiftEnumUITests */,
				97F7025D299EC566006F1B73 /* Products */,
			);
			sourceTree = "<group>";
		};
		97F7025D299EC566006F1B73 /* Products */ = {
			isa = PBXGroup;
			children = (
				97F7025C299EC566006F1B73 /* SwiftEnum.app */,
				97F7026D299EC567006F1B73 /* SwiftEnumTests.xctest */,
				97F70277299EC567006F1B73 /* SwiftEnumUITests.xctest */,
			);
			name = Products;
			sourceTree = "<group>";
		};
		97F7025E299EC566006F1B73 /* SwiftEnum */ = {
			isa = PBXGroup;
			children = (
				97F7025F299EC566006F1B73 /* SwiftEnumApp.swift */,
				97F70261299EC566006F1B73 /* ContentView.swift */,
				97F70263299EC567006F1B73 /* Assets.xcassets */,
				97F70268299EC567006F1B73 /* SwiftEnum.entitlements */,
				97F70265299EC567006F1B73 /* Preview Content */,
				97F7028A299ECA51006F1B73 /* DaysOfTheWeek.swift */,
				97A88F3829A016E200A7C407 /* ShapeArea.swift */,
				97A88F3A29A0205A00A7C407 /* Temperature.swift */,
				97A88F3C29A027A200A7C407 /* PlanetFromSun.swift */,
				9745753F29A129A60044CB36 /* HertzNotes.swift */,
				9745754129A130380044CB36 /* PlayingCards.swift */,
				9745754329A133F90044CB36 /* StatusCodes.swift */,
				9745754529A174A00044CB36 /* Directions.swift */,
				9799A44F29A2434600F05281 /* Deck.swift */,
				9799A45129A24C8A00F05281 /* TicTacToe.swift */,
			);
			path = SwiftEnum;
			sourceTree = "<group>";
		};
		97F70265299EC567006F1B73 /* Preview Content */ = {
			isa = PBXGroup;
			children = (
				97F70266299EC567006F1B73 /* Preview Assets.xcassets */,
			);
			path = "Preview Content";
			sourceTree = "<group>";
		};
		97F70270299EC567006F1B73 /* SwiftEnumTests */ = {
			isa = PBXGroup;
			children = (
				97F70271299EC567006F1B73 /* SwiftEnumTests.swift */,
			);
			path = SwiftEnumTests;
			sourceTree = "<group>";
		};
		97F7027A299EC567006F1B73 /* SwiftEnumUITests */ = {
			isa = PBXGroup;
			children = (
				97F7027B299EC567006F1B73 /* SwiftEnumUITests.swift */,
				97F7027D299EC567006F1B73 /* SwiftEnumUITestsLaunchTests.swift */,
			);
			path = SwiftEnumUITests;
			sourceTree = "<group>";
		};
/* End PBXGroup section */

/* Begin PBXNativeTarget section */
		97F7025B299EC566006F1B73 /* SwiftEnum */ = {
			isa = PBXNativeTarget;
			buildConfigurationList = 97F70281299EC567006F1B73 /* Build configuration list for PBXNativeTarget "SwiftEnum" */;
			buildPhases = (
				97F70258299EC566006F1B73 /* Sources */,
				97F70259299EC566006F1B73 /* Frameworks */,
				97F7025A299EC566006F1B73 /* Resources */,
			);
			buildRules = (
			);
			dependencies = (
			);
			name = SwiftEnum;
			productName = SwiftEnum;
			productReference = 97F7025C299EC566006F1B73 /* SwiftEnum.app */;
			productType = "com.apple.product-type.application";
		};
		97F7026C299EC567006F1B73 /* SwiftEnumTests */ = {
			isa = PBXNativeTarget;
			buildConfigurationList = 97F70284299EC567006F1B73 /* Build configuration list for PBXNativeTarget "SwiftEnumTests" */;
			buildPhases = (
				97F70269299EC567006F1B73 /* Sources */,
				97F7026A299EC567006F1B73 /* Frameworks */,
				97F7026B299EC567006F1B73 /* Resources */,
			);
			buildRules = (
			);
			dependencies = (
				97F7026F299EC567006F1B73 /* PBXTargetDependency */,
			);
			name = SwiftEnumTests;
			productName = SwiftEnumTests;
			productReference = 97F7026D299EC567006F1B73 /* SwiftEnumTests.xctest */;
			productType = "com.apple.product-type.bundle.unit-test";
		};
		97F70276299EC567006F1B73 /* SwiftEnumUITests */ = {
			isa = PBXNativeTarget;
			buildConfigurationList = 97F70287299EC567006F1B73 /* Build configuration list for PBXNativeTarget "SwiftEnumUITests" */;
			buildPhases = (
				97F70273299EC567006F1B73 /* Sources */,
				97F70274299EC567006F1B73 /* Frameworks */,
				97F70275299EC567006F1B73 /* Resources */,
			);
			buildRules = (
			);
			dependencies = (
				97F70279299EC567006F1B73 /* PBXTargetDependency */,
			);
			name = SwiftEnumUITests;
			productName = SwiftEnumUITests;
			productReference = 97F70277299EC567006F1B73 /* SwiftEnumUITests.xctest */;
			productType = "com.apple.product-type.bundle.ui-testing";
		};
/* End PBXNativeTarget section */

/* Begin PBXProject section */
		97F70254299EC566006F1B73 /* Project object */ = {
			isa = PBXProject;
			attributes = {
				BuildIndependentTargetsInParallel = 1;
				LastSwiftUpdateCheck = 1420;
				LastUpgradeCheck = 1420;
				TargetAttributes = {
					97F7025B299EC566006F1B73 = {
						CreatedOnToolsVersion = 14.2;
					};
					97F7026C299EC567006F1B73 = {
						CreatedOnToolsVersion = 14.2;
						TestTargetID = 97F7025B299EC566006F1B73;
					};
					97F70276299EC567006F1B73 = {
						CreatedOnToolsVersion = 14.2;
						TestTargetID = 97F7025B299EC566006F1B73;
					};
				};
			};
			buildConfigurationList = 97F70257299EC566006F1B73 /* Build configuration list for PBXProject "SwiftEnum" */;
			compatibilityVersion = "Xcode 14.0";
			developmentRegion = en;
			hasScannedForEncodings = 0;
			knownRegions = (
				en,
				Base,
			);
			mainGroup = 97F70253299EC566006F1B73;
			productRefGroup = 97F7025D299EC566006F1B73 /* Products */;
			projectDirPath = "";
			projectRoot = "";
			targets = (
				97F7025B299EC566006F1B73 /* SwiftEnum */,
				97F7026C299EC567006F1B73 /* SwiftEnumTests */,
				97F70276299EC567006F1B73 /* SwiftEnumUITests */,
			);
		};
/* End PBXProject section */

/* Begin PBXResourcesBuildPhase section */
		97F7025A299EC566006F1B73 /* Resources */ = {
			isa = PBXResourcesBuildPhase;
			buildActionMask = 2147483647;
			files = (
				97F70267299EC567006F1B73 /* Preview Assets.xcassets in Resources */,
				97F70264299EC567006F1B73 /* Assets.xcassets in Resources */,
			);
			runOnlyForDeploymentPostprocessing = 0;
		};
		97F7026B299EC567006F1B73 /* Resources */ = {
			isa = PBXResourcesBuildPhase;
			buildActionMask = 2147483647;
			files = (
			);
			runOnlyForDeploymentPostprocessing = 0;
		};
		97F70275299EC567006F1B73 /* Resources */ = {
			isa = PBXResourcesBuildPhase;
			buildActionMask = 2147483647;
			files = (
			);
			runOnlyForDeploymentPostprocessing = 0;
		};
/* End PBXResourcesBuildPhase section */

/* Begin PBXSourcesBuildPhase section */
		97F70258299EC566006F1B73 /* Sources */ = {
			isa = PBXSourcesBuildPhase;
			buildActionMask = 2147483647;
			files = (
				97A88F3929A016E200A7C407 /* ShapeArea.swift in Sources */,
				97F70262299EC566006F1B73 /* ContentView.swift in Sources */,
				9745754429A133F90044CB36 /* StatusCodes.swift in Sources */,
				9745754029A129A60044CB36 /* HertzNotes.swift in Sources */,
				97A88F3D29A027A200A7C407 /* PlanetFromSun.swift in Sources */,
				9799A45029A2434600F05281 /* Deck.swift in Sources */,
				97F7028B299ECA51006F1B73 /* DaysOfTheWeek.swift in Sources */,
				97A88F3B29A0205A00A7C407 /* Temperature.swift in Sources */,
				9745754229A130380044CB36 /* PlayingCards.swift in Sources */,
				97F70260299EC566006F1B73 /* SwiftEnumApp.swift in Sources */,
				9799A45229A24C8A00F05281 /* TicTacToe.swift in Sources */,
				9745754629A174A00044CB36 /* Directions.swift in Sources */,
			);
			runOnlyForDeploymentPostprocessing = 0;
		};
		97F70269299EC567006F1B73 /* Sources */ = {
			isa = PBXSourcesBuildPhase;
			buildActionMask = 2147483647;
			files = (
				97F70272299EC567006F1B73 /* SwiftEnumTests.swift in Sources */,
			);
			runOnlyForDeploymentPostprocessing = 0;
		};
		97F70273299EC567006F1B73 /* Sources */ = {
			isa = PBXSourcesBuildPhase;
			buildActionMask = 2147483647;
			files = (
				97F7027C299EC567006F1B73 /* SwiftEnumUITests.swift in Sources */,
				97F7027E299EC567006F1B73 /* SwiftEnumUITestsLaunchTests.swift in Sources */,
			);
			runOnlyForDeploymentPostprocessing = 0;
		};
/* End PBXSourcesBuildPhase section */

/* Begin PBXTargetDependency section */
		97F7026F299EC567006F1B73 /* PBXTargetDependency */ = {
			isa = PBXTargetDependency;
			target = 97F7025B299EC566006F1B73 /* SwiftEnum */;
			targetProxy = 97F7026E299EC567006F1B73 /* PBXContainerItemProxy */;
		};
		97F70279299EC567006F1B73 /* PBXTargetDependency */ = {
			isa = PBXTargetDependency;
			target = 97F7025B299EC566006F1B73 /* SwiftEnum */;
			targetProxy = 97F70278299EC567006F1B73 /* PBXContainerItemProxy */;
		};
/* End PBXTargetDependency section */

/* Begin XCBuildConfiguration section */
		97F7027F299EC567006F1B73 /* Debug */ = {
			isa = XCBuildConfiguration;
			buildSettings = {
				ALWAYS_SEARCH_USER_PATHS = NO;
				CLANG_ANALYZER_NONNULL = YES;
				CLANG_ANALYZER_NUMBER_OBJECT_CONVERSION = YES_AGGRESSIVE;
				CLANG_CXX_LANGUAGE_STANDARD = "gnu++20";
				CLANG_ENABLE_MODULES = YES;
				CLANG_ENABLE_OBJC_ARC = YES;
				CLANG_ENABLE_OBJC_WEAK = YES;
				CLANG_WARN_BLOCK_CAPTURE_AUTORELEASING = YES;
				CLANG_WARN_BOOL_CONVERSION = YES;
				CLANG_WARN_COMMA = YES;
				CLANG_WARN_CONSTANT_CONVERSION = YES;
				CLANG_WARN_DEPRECATED_OBJC_IMPLEMENTATIONS = YES;
				CLANG_WARN_DIRECT_OBJC_ISA_USAGE = YES_ERROR;
				CLANG_WARN_DOCUMENTATION_COMMENTS = YES;
				CLANG_WARN_EMPTY_BODY = YES;
				CLANG_WARN_ENUM_CONVERSION = YES;
				CLANG_WARN_INFINITE_RECURSION = YES;
				CLANG_WARN_INT_CONVERSION = YES;
				CLANG_WARN_NON_LITERAL_NULL_CONVERSION = YES;
				CLANG_WARN_OBJC_IMPLICIT_RETAIN_SELF = YES;
				CLANG_WARN_OBJC_LITERAL_CONVERSION = YES;
				CLANG_WARN_OBJC_ROOT_CLASS = YES_ERROR;
				CLANG_WARN_QUOTED_INCLUDE_IN_FRAMEWORK_HEADER = YES;
				CLANG_WARN_RANGE_LOOP_ANALYSIS = YES;
				CLANG_WARN_STRICT_PROTOTYPES = YES;
				CLANG_WARN_SUSPICIOUS_MOVE = YES;
				CLANG_WARN_UNGUARDED_AVAILABILITY = YES_AGGRESSIVE;
				CLANG_WARN_UNREACHABLE_CODE = YES;
				CLANG_WARN__DUPLICATE_METHOD_MATCH = YES;
				COPY_PHASE_STRIP = NO;
				DEBUG_INFORMATION_FORMAT = dwarf;
				ENABLE_STRICT_OBJC_MSGSEND = YES;
				ENABLE_TESTABILITY = YES;
				GCC_C_LANGUAGE_STANDARD = gnu11;
				GCC_DYNAMIC_NO_PIC = NO;
				GCC_NO_COMMON_BLOCKS = YES;
				GCC_OPTIMIZATION_LEVEL = 0;
				GCC_PREPROCESSOR_DEFINITIONS = (
					"DEBUG=1",
					"$(inherited)",
				);
				GCC_WARN_64_TO_32_BIT_CONVERSION = YES;
				GCC_WARN_ABOUT_RETURN_TYPE = YES_ERROR;
				GCC_WARN_UNDECLARED_SELECTOR = YES;
				GCC_WARN_UNINITIALIZED_AUTOS = YES_AGGRESSIVE;
				GCC_WARN_UNUSED_FUNCTION = YES;
				GCC_WARN_UNUSED_VARIABLE = YES;
				MACOSX_DEPLOYMENT_TARGET = 13.1;
				MTL_ENABLE_DEBUG_INFO = INCLUDE_SOURCE;
				MTL_FAST_MATH = YES;
				ONLY_ACTIVE_ARCH = YES;
				SDKROOT = macosx;
				SWIFT_ACTIVE_COMPILATION_CONDITIONS = DEBUG;
				SWIFT_OPTIMIZATION_LEVEL = "-Onone";
			};
			name = Debug;
		};
		97F70280299EC567006F1B73 /* Release */ = {
			isa = XCBuildConfiguration;
			buildSettings = {
				ALWAYS_SEARCH_USER_PATHS = NO;
				CLANG_ANALYZER_NONNULL = YES;
				CLANG_ANALYZER_NUMBER_OBJECT_CONVERSION = YES_AGGRESSIVE;
				CLANG_CXX_LANGUAGE_STANDARD = "gnu++20";
				CLANG_ENABLE_MODULES = YES;
				CLANG_ENABLE_OBJC_ARC = YES;
				CLANG_ENABLE_OBJC_WEAK = YES;
				CLANG_WARN_BLOCK_CAPTURE_AUTORELEASING = YES;
				CLANG_WARN_BOOL_CONVERSION = YES;
				CLANG_WARN_COMMA = YES;
				CLANG_WARN_CONSTANT_CONVERSION = YES;
				CLANG_WARN_DEPRECATED_OBJC_IMPLEMENTATIONS = YES;
				CLANG_WARN_DIRECT_OBJC_ISA_USAGE = YES_ERROR;
				CLANG_WARN_DOCUMENTATION_COMMENTS = YES;
				CLANG_WARN_EMPTY_BODY = YES;
				CLANG_WARN_ENUM_CONVERSION = YES;
				CLANG_WARN_INFINITE_RECURSION = YES;
				CLANG_WARN_INT_CONVERSION = YES;
				CLANG_WARN_NON_LITERAL_NULL_CONVERSION = YES;
				CLANG_WARN_OBJC_IMPLICIT_RETAIN_SELF = YES;
				CLANG_WARN_OBJC_LITERAL_CONVERSION = YES;
				CLANG_WARN_OBJC_ROOT_CLASS = YES_ERROR;
				CLANG_WARN_QUOTED_INCLUDE_IN_FRAMEWORK_HEADER = YES;
				CLANG_WARN_RANGE_LOOP_ANALYSIS = YES;
				CLANG_WARN_STRICT_PROTOTYPES = YES;
				CLANG_WARN_SUSPICIOUS_MOVE = YES;
				CLANG_WARN_UNGUARDED_AVAILABILITY = YES_AGGRESSIVE;
				CLANG_WARN_UNREACHABLE_CODE = YES;
				CLANG_WARN__DUPLICATE_METHOD_MATCH = YES;
				COPY_PHASE_STRIP = NO;
				DEBUG_INFORMATION_FORMAT = "dwarf-with-dsym";
				ENABLE_NS_ASSERTIONS = NO;
				ENABLE_STRICT_OBJC_MSGSEND = YES;
				GCC_C_LANGUAGE_STANDARD = gnu11;
				GCC_NO_COMMON_BLOCKS = YES;
				GCC_WARN_64_TO_32_BIT_CONVERSION = YES;
				GCC_WARN_ABOUT_RETURN_TYPE = YES_ERROR;
				GCC_WARN_UNDECLARED_SELECTOR = YES;
				GCC_WARN_UNINITIALIZED_AUTOS = YES_AGGRESSIVE;
				GCC_WARN_UNUSED_FUNCTION = YES;
				GCC_WARN_UNUSED_VARIABLE = YES;
				MACOSX_DEPLOYMENT_TARGET = 13.1;
				MTL_ENABLE_DEBUG_INFO = NO;
				MTL_FAST_MATH = YES;
				SDKROOT = macosx;
				SWIFT_COMPILATION_MODE = wholemodule;
				SWIFT_OPTIMIZATION_LEVEL = "-O";
			};
			name = Release;
		};
		97F70282299EC567006F1B73 /* Debug */ = {
			isa = XCBuildConfiguration;
			buildSettings = {
				ASSETCATALOG_COMPILER_APPICON_NAME = AppIcon;
				ASSETCATALOG_COMPILER_GLOBAL_ACCENT_COLOR_NAME = AccentColor;
				CODE_SIGN_ENTITLEMENTS = SwiftEnum/SwiftEnum.entitlements;
				CODE_SIGN_STYLE = Automatic;
				COMBINE_HIDPI_IMAGES = YES;
				CURRENT_PROJECT_VERSION = 1;
				DEVELOPMENT_ASSET_PATHS = "\"SwiftEnum/Preview Content\"";
				DEVELOPMENT_TEAM = 2FFS5V4S8H;
				ENABLE_HARDENED_RUNTIME = YES;
				ENABLE_PREVIEWS = YES;
				GENERATE_INFOPLIST_FILE = YES;
				INFOPLIST_KEY_NSHumanReadableCopyright = "";
				LD_RUNPATH_SEARCH_PATHS = (
					"$(inherited)",
					"@executable_path/../Frameworks",
				);
				MARKETING_VERSION = 1.0;
				PRODUCT_BUNDLE_IDENTIFIER = Thehappyprogrammer.SwiftEnum;
				PRODUCT_NAME = "$(TARGET_NAME)";
				SWIFT_EMIT_LOC_STRINGS = YES;
				SWIFT_VERSION = 5.0;
			};
			name = Debug;
		};
		97F70283299EC567006F1B73 /* Release */ = {
			isa = XCBuildConfiguration;
			buildSettings = {
				ASSETCATALOG_COMPILER_APPICON_NAME = AppIcon;
				ASSETCATALOG_COMPILER_GLOBAL_ACCENT_COLOR_NAME = AccentColor;
				CODE_SIGN_ENTITLEMENTS = SwiftEnum/SwiftEnum.entitlements;
				CODE_SIGN_STYLE = Automatic;
				COMBINE_HIDPI_IMAGES = YES;
				CURRENT_PROJECT_VERSION = 1;
				DEVELOPMENT_ASSET_PATHS = "\"SwiftEnum/Preview Content\"";
				DEVELOPMENT_TEAM = 2FFS5V4S8H;
				ENABLE_HARDENED_RUNTIME = YES;
				ENABLE_PREVIEWS = YES;
				GENERATE_INFOPLIST_FILE = YES;
				INFOPLIST_KEY_NSHumanReadableCopyright = "";
				LD_RUNPATH_SEARCH_PATHS = (
					"$(inherited)",
					"@executable_path/../Frameworks",
				);
				MARKETING_VERSION = 1.0;
				PRODUCT_BUNDLE_IDENTIFIER = Thehappyprogrammer.SwiftEnum;
				PRODUCT_NAME = "$(TARGET_NAME)";
				SWIFT_EMIT_LOC_STRINGS = YES;
				SWIFT_VERSION = 5.0;
			};
			name = Release;
		};
		97F70285299EC567006F1B73 /* Debug */ = {
			isa = XCBuildConfiguration;
			buildSettings = {
				ALWAYS_EMBED_SWIFT_STANDARD_LIBRARIES = YES;
				BUNDLE_LOADER = "$(TEST_HOST)";
				CODE_SIGN_STYLE = Automatic;
				CURRENT_PROJECT_VERSION = 1;
				DEVELOPMENT_TEAM = 2FFS5V4S8H;
				GENERATE_INFOPLIST_FILE = YES;
				MACOSX_DEPLOYMENT_TARGET = 13.1;
				MARKETING_VERSION = 1.0;
				PRODUCT_BUNDLE_IDENTIFIER = Thehappyprogrammer.SwiftEnumTests;
				PRODUCT_NAME = "$(TARGET_NAME)";
				SWIFT_EMIT_LOC_STRINGS = NO;
				SWIFT_VERSION = 5.0;
				TEST_HOST = "$(BUILT_PRODUCTS_DIR)/SwiftEnum.app/$(BUNDLE_EXECUTABLE_FOLDER_PATH)/SwiftEnum";
			};
			name = Debug;
		};
		97F70286299EC567006F1B73 /* Release */ = {
			isa = XCBuildConfiguration;
			buildSettings = {
				ALWAYS_EMBED_SWIFT_STANDARD_LIBRARIES = YES;
				BUNDLE_LOADER = "$(TEST_HOST)";
				CODE_SIGN_STYLE = Automatic;
				CURRENT_PROJECT_VERSION = 1;
				DEVELOPMENT_TEAM = 2FFS5V4S8H;
				GENERATE_INFOPLIST_FILE = YES;
				MACOSX_DEPLOYMENT_TARGET = 13.1;
				MARKETING_VERSION = 1.0;
				PRODUCT_BUNDLE_IDENTIFIER = Thehappyprogrammer.SwiftEnumTests;
				PRODUCT_NAME = "$(TARGET_NAME)";
				SWIFT_EMIT_LOC_STRINGS = NO;
				SWIFT_VERSION = 5.0;
				TEST_HOST = "$(BUILT_PRODUCTS_DIR)/SwiftEnum.app/$(BUNDLE_EXECUTABLE_FOLDER_PATH)/SwiftEnum";
			};
			name = Release;
		};
		97F70288299EC567006F1B73 /* Debug */ = {
			isa = XCBuildConfiguration;
			buildSettings = {
				ALWAYS_EMBED_SWIFT_STANDARD_LIBRARIES = YES;
				CODE_SIGN_STYLE = Automatic;
				CURRENT_PROJECT_VERSION = 1;
				DEVELOPMENT_TEAM = 2FFS5V4S8H;
				GENERATE_INFOPLIST_FILE = YES;
				MARKETING_VERSION = 1.0;
				PRODUCT_BUNDLE_IDENTIFIER = Thehappyprogrammer.SwiftEnumUITests;
				PRODUCT_NAME = "$(TARGET_NAME)";
				SWIFT_EMIT_LOC_STRINGS = NO;
				SWIFT_VERSION = 5.0;
				TEST_TARGET_NAME = SwiftEnum;
			};
			name = Debug;
		};
		97F70289299EC567006F1B73 /* Release */ = {
			isa = XCBuildConfiguration;
			buildSettings = {
				ALWAYS_EMBED_SWIFT_STANDARD_LIBRARIES = YES;
				CODE_SIGN_STYLE = Automatic;
				CURRENT_PROJECT_VERSION = 1;
				DEVELOPMENT_TEAM = 2FFS5V4S8H;
				GENERATE_INFOPLIST_FILE = YES;
				MARKETING_VERSION = 1.0;
				PRODUCT_BUNDLE_IDENTIFIER = Thehappyprogrammer.SwiftEnumUITests;
				PRODUCT_NAME = "$(TARGET_NAME)";
				SWIFT_EMIT_LOC_STRINGS = NO;
				SWIFT_VERSION = 5.0;
				TEST_TARGET_NAME = SwiftEnum;
			};
			name = Release;
		};
/* End XCBuildConfiguration section */

/* Begin XCConfigurationList section */
		97F70257299EC566006F1B73 /* Build configuration list for PBXProject "SwiftEnum" */ = {
			isa = XCConfigurationList;
			buildConfigurations = (
				97F7027F299EC567006F1B73 /* Debug */,
				97F70280299EC567006F1B73 /* Release */,
			);
			defaultConfigurationIsVisible = 0;
			defaultConfigurationName = Release;
		};
		97F70281299EC567006F1B73 /* Build configuration list for PBXNativeTarget "SwiftEnum" */ = {
			isa = XCConfigurationList;
			buildConfigurations = (
				97F70282299EC567006F1B73 /* Debug */,
				97F70283299EC567006F1B73 /* Release */,
			);
			defaultConfigurationIsVisible = 0;
			defaultConfigurationName = Release;
		};
		97F70284299EC567006F1B73 /* Build configuration list for PBXNativeTarget "SwiftEnumTests" */ = {
			isa = XCConfigurationList;
			buildConfigurations = (
				97F70285299EC567006F1B73 /* Debug */,
				97F70286299EC567006F1B73 /* Release */,
			);
			defaultConfigurationIsVisible = 0;
			defaultConfigurationName = Release;
		};
		97F70287299EC567006F1B73 /* Build configuration list for PBXNativeTarget "SwiftEnumUITests" */ = {
			isa = XCConfigurationList;
			buildConfigurations = (
				97F70288299EC567006F1B73 /* Debug */,
				97F70289299EC567006F1B73 /* Release */,
			);
			defaultConfigurationIsVisible = 0;
			defaultConfigurationName = Release;
		};
/* End XCConfigurationList section */
	};
	rootObject = 97F70254299EC566006F1B73 /* Project object */;
}
